
Microsoft Visual Studio Solution File, Format Version 12.00
# Visual Studio Version 16
VisualStudioVersion = 16.0.31424.327
MinimumVisualStudioVersion = 10.0.40219.1
Project("{FAE04EC0-301F-11D3-BF4B-00C04F79EFBC}") = "lab1v3", "lab1v3.csproj", "{1A360C75-B6A9-418D-86AD-6D64999DA4F2}"
EndProject
Global
	GlobalSection(SolutionConfigurationPlatforms) = preSolution
		Debug|Any CPU = Debug|Any CPU
		Release|Any CPU = Release|Any CPU
	EndGlobalSection
	GlobalSection(ProjectConfigurationPlatforms) = postSolution
		{1A360C75-B6A9-418D-86AD-6D64999DA4F2}.Debug|Any CPU.ActiveCfg = Debug|Any CPU
		{1A360C75-B6A9-418D-86AD-6D64999DA4F2}.Debug|Any CPU.Build.0 = Debug|Any CPU
		{1A360C75-B6A9-418D-86AD-6D64999DA4F2}.Release|Any CPU.ActiveCfg = Release|Any CPU
		{1A360C75-B6A9-418D-86AD-6D64999DA4F2}.Release|Any CPU.Build.0 = Release|Any CPU
	EndGlobalSection
	GlobalSection(SolutionProperties) = preSolution
		HideSolutionNode = FALSE
	EndGlobalSection
	GlobalSection(ExtensibilityGlobals) = postSolution
		SolutionGuid = {88F55840-C632-49CE-A83F-5EF038A59E62}
	EndGlobalSection
EndGlobal
